
Microsoft Visual Studio Solution File, Format Version 12.00
# Visual Studio Version 17
VisualStudioVersion = 17.3.32819.101
MinimumVisualStudioVersion = 10.0.40219.1
Project("{9A19103F-16F7-4668-BE54-9A1E7A4F7556}") = "BlazorMonitoring", "BlazorMonitoring\BlazorMonitoring.csproj", "{25604A3D-4B21-4BCD-B416-A7D8328809A2}"
EndProject
Project("{9A19103F-16F7-4668-BE54-9A1E7A4F7556}") = "FM4017Library", "FM4017Library\FM4017Library.csproj", "{2A9F6E0E-E130-448C-82E3-76FBAEBC50CB}"
EndProject
Project("{2150E333-8FDC-42A3-9474-1A3956D46DE8}") = "Resources", "Resources", "{64E7EBD1-FA64-4439-8497-6771AABC5B67}"
	ProjectSection(SolutionItems) = preProject
		Links.txt = Links.txt
		BlazorMonitoring\Pages\PointList.cs = BlazorMonitoring\Pages\PointList.cs
	EndProjectSection
EndProject
Global
	GlobalSection(SolutionConfigurationPlatforms) = preSolution
		Debug|Any CPU = Debug|Any CPU
		Release|Any CPU = Release|Any CPU
	EndGlobalSection
	GlobalSection(ProjectConfigurationPlatforms) = postSolution
		{25604A3D-4B21-4BCD-B416-A7D8328809A2}.Debug|Any CPU.ActiveCfg = Debug|Any CPU
		{25604A3D-4B21-4BCD-B416-A7D8328809A2}.Debug|Any CPU.Build.0 = Debug|Any CPU
		{25604A3D-4B21-4BCD-B416-A7D8328809A2}.Release|Any CPU.ActiveCfg = Release|Any CPU
		{25604A3D-4B21-4BCD-B416-A7D8328809A2}.Release|Any CPU.Build.0 = Release|Any CPU
		{2A9F6E0E-E130-448C-82E3-76FBAEBC50CB}.Debug|Any CPU.ActiveCfg = Debug|Any CPU
		{2A9F6E0E-E130-448C-82E3-76FBAEBC50CB}.Debug|Any CPU.Build.0 = Debug|Any CPU
		{2A9F6E0E-E130-448C-82E3-76FBAEBC50CB}.Release|Any CPU.ActiveCfg = Release|Any CPU
		{2A9F6E0E-E130-448C-82E3-76FBAEBC50CB}.Release|Any CPU.Build.0 = Release|Any CPU
	EndGlobalSection
	GlobalSection(SolutionProperties) = preSolution
		HideSolutionNode = FALSE
	EndGlobalSection
	GlobalSection(ExtensibilityGlobals) = postSolution
		SolutionGuid = {03D4D0B3-80DC-4D5F-9DAD-2FA60E298B45}
	EndGlobalSection
EndGlobal
